<?xml version="1.0" encoding="utf-8"?>
<Project ToolsVersion="4.0" xmlns="http://schemas.microsoft.com/developer/msbuild/2003">
  <ItemGroup>
    <ClCompile Include="stdafx.cpp" />
    <ClCompile Include="main.cpp" />
    <ClCompile Include="sub.cpp">
      <Filter>sub</Filter>
    </ClCompile>
    <ClCompile Include="GraphicsEngine.cpp">
      <Filter>sub</Filter>
    </ClCompile>
  </ItemGroup>
  <ItemGroup>
    <ClInclude Include="stdafx.h" />
    <ClInclude Include="sub.h">
      <Filter>sub</Filter>
    </ClInclude>
    <ClInclude Include="GraphicsEngine.h">
      <Filter>sub</Filter>
    </ClInclude>
  </ItemGroup>
  <ItemGroup>
    <Filter Include="sub">
      <UniqueIdentifier>{9a6f5f4a-59e5-4ab0-b34b-58cecc2c8a4c}</UniqueIdentifier>
    </Filter>
  </ItemGroup>
</Project>